
Microsoft Visual Studio Solution File, Format Version 12.00
# Visual Studio 14
VisualStudioVersion = 14.0.25420.1
MinimumVisualStudioVersion = 10.0.40219.1
Project("{8BC9CEB8-8B4A-11D0-8D11-00A0C91BC942}") = "MonoTest", "MonoTest\MonoTest.vcxproj", "{D69324EF-8AE7-463D-B2D6-0A023BDA6E1C}"
EndProject
Project("{8BB2217D-0F2D-49D1-97BC-3654ED321F3B}") = "MonoGlue", "MonoGlue\MonoGlue.xproj", "{8881581D-930C-4C79-9954-A36D17800D33}"
EndProject
Global
	GlobalSection(SolutionConfigurationPlatforms) = preSolution
		Debug|Any CPU = Debug|Any CPU
		Debug|x64 = Debug|x64
		Debug|x86 = Debug|x86
		Release|Any CPU = Release|Any CPU
		Release|x64 = Release|x64
		Release|x86 = Release|x86
	EndGlobalSection
	GlobalSection(ProjectConfigurationPlatforms) = postSolution
		{D69324EF-8AE7-463D-B2D6-0A023BDA6E1C}.Debug|Any CPU.ActiveCfg = Debug|Win32
		{D69324EF-8AE7-463D-B2D6-0A023BDA6E1C}.Debug|x64.ActiveCfg = Debug|x64
		{D69324EF-8AE7-463D-B2D6-0A023BDA6E1C}.Debug|x64.Build.0 = Debug|x64
		{D69324EF-8AE7-463D-B2D6-0A023BDA6E1C}.Debug|x86.ActiveCfg = Debug|Win32
		{D69324EF-8AE7-463D-B2D6-0A023BDA6E1C}.Debug|x86.Build.0 = Debug|Win32
		{D69324EF-8AE7-463D-B2D6-0A023BDA6E1C}.Release|Any CPU.ActiveCfg = Release|Win32
		{D69324EF-8AE7-463D-B2D6-0A023BDA6E1C}.Release|x64.ActiveCfg = Release|x64
		{D69324EF-8AE7-463D-B2D6-0A023BDA6E1C}.Release|x64.Build.0 = Release|x64
		{D69324EF-8AE7-463D-B2D6-0A023BDA6E1C}.Release|x86.ActiveCfg = Release|Win32
		{D69324EF-8AE7-463D-B2D6-0A023BDA6E1C}.Release|x86.Build.0 = Release|Win32
		{8881581D-930C-4C79-9954-A36D17800D33}.Debug|Any CPU.ActiveCfg = Debug|Any CPU
		{8881581D-930C-4C79-9954-A36D17800D33}.Debug|Any CPU.Build.0 = Debug|Any CPU
		{8881581D-930C-4C79-9954-A36D17800D33}.Debug|x64.ActiveCfg = Debug|Any CPU
		{8881581D-930C-4C79-9954-A36D17800D33}.Debug|x64.Build.0 = Debug|Any CPU
		{8881581D-930C-4C79-9954-A36D17800D33}.Debug|x86.ActiveCfg = Debug|Any CPU
		{8881581D-930C-4C79-9954-A36D17800D33}.Debug|x86.Build.0 = Debug|Any CPU
		{8881581D-930C-4C79-9954-A36D17800D33}.Release|Any CPU.ActiveCfg = Release|Any CPU
		{8881581D-930C-4C79-9954-A36D17800D33}.Release|Any CPU.Build.0 = Release|Any CPU
		{8881581D-930C-4C79-9954-A36D17800D33}.Release|x64.ActiveCfg = Release|Any CPU
		{8881581D-930C-4C79-9954-A36D17800D33}.Release|x64.Build.0 = Release|Any CPU
		{8881581D-930C-4C79-9954-A36D17800D33}.Release|x86.ActiveCfg = Release|Any CPU
		{8881581D-930C-4C79-9954-A36D17800D33}.Release|x86.Build.0 = Release|Any CPU
	EndGlobalSection
	GlobalSection(SolutionProperties) = preSolution
		HideSolutionNode = FALSE
	EndGlobalSection
EndGlobal
